
Microsoft Visual Studio Solution File, Format Version 12.00
# Visual Studio 14
VisualStudioVersion = 14.0.25420.1
MinimumVisualStudioVersion = 10.0.40219.1
Project("{2150E333-8FDC-42A3-9474-1A3956D46DE8}") = "1-UI", "1-UI", "{1905C2BA-B469-41C5-B4C8-EBAA0C004521}"
EndProject
Project("{2150E333-8FDC-42A3-9474-1A3956D46DE8}") = "2-Application", "2-Application", "{42EEEF26-A4A0-421B-919A-69A2C2FA963D}"
EndProject
Project("{2150E333-8FDC-42A3-9474-1A3956D46DE8}") = "3-Domain", "3-Domain", "{91D2B931-A3F4-4FDB-8158-410213BB0403}"
EndProject
Project("{2150E333-8FDC-42A3-9474-1A3956D46DE8}") = "4-Infra", "4-Infra", "{EB99386B-A86B-4F1B-ABDE-5E6300E852C5}"
EndProject
Project("{FAE04EC0-301F-11D3-BF4B-00C04F79EFBC}") = "Cedro.Application", "Cedro.Application\Cedro.Application.csproj", "{03E869B7-1402-44E0-86F9-E48AA220CE56}"
EndProject
Project("{FAE04EC0-301F-11D3-BF4B-00C04F79EFBC}") = "Cedro.Domain", "Cedro.Domain\Cedro.Domain.csproj", "{0030CD65-C267-4ACF-B3A2-63DAC7E6966A}"
EndProject
Project("{2150E333-8FDC-42A3-9474-1A3956D46DE8}") = "4.1 - Infra.Data", "4.1 - Infra.Data", "{ED125CD4-7A20-4A90-AF33-8ABB074E232E}"
EndProject
Project("{2150E333-8FDC-42A3-9474-1A3956D46DE8}") = "4.2 - Infra.CrossCuting", "4.2 - Infra.CrossCuting", "{932142C2-A139-4D5A-8D2B-F11915CCD55B}"
EndProject
Project("{FAE04EC0-301F-11D3-BF4B-00C04F79EFBC}") = "Cedro.Infra.Data", "Cedro.Infra.Data\Cedro.Infra.Data.csproj", "{2CEE49AB-25E1-477E-995C-BB079BBB3F48}"
EndProject
Project("{FAE04EC0-301F-11D3-BF4B-00C04F79EFBC}") = "Cedro.Infra.CrossCuting", "Cedro.Infra.CrossCuting\Cedro.Infra.CrossCuting.csproj", "{43192AF3-41E7-4045-A343-79A876F3852B}"
EndProject
Project("{FAE04EC0-301F-11D3-BF4B-00C04F79EFBC}") = "Cedro.UI", "Cedro.UI\Cedro.UI.csproj", "{2F40008B-B3C8-4BF8-AB7E-3A9DCE9A358D}"
EndProject
Global
	GlobalSection(SolutionConfigurationPlatforms) = preSolution
		Debug|Any CPU = Debug|Any CPU
		Release|Any CPU = Release|Any CPU
	EndGlobalSection
	GlobalSection(ProjectConfigurationPlatforms) = postSolution
		{03E869B7-1402-44E0-86F9-E48AA220CE56}.Debug|Any CPU.ActiveCfg = Debug|Any CPU
		{03E869B7-1402-44E0-86F9-E48AA220CE56}.Debug|Any CPU.Build.0 = Debug|Any CPU
		{03E869B7-1402-44E0-86F9-E48AA220CE56}.Release|Any CPU.ActiveCfg = Release|Any CPU
		{03E869B7-1402-44E0-86F9-E48AA220CE56}.Release|Any CPU.Build.0 = Release|Any CPU
		{0030CD65-C267-4ACF-B3A2-63DAC7E6966A}.Debug|Any CPU.ActiveCfg = Debug|Any CPU
		{0030CD65-C267-4ACF-B3A2-63DAC7E6966A}.Debug|Any CPU.Build.0 = Debug|Any CPU
		{0030CD65-C267-4ACF-B3A2-63DAC7E6966A}.Release|Any CPU.ActiveCfg = Release|Any CPU
		{0030CD65-C267-4ACF-B3A2-63DAC7E6966A}.Release|Any CPU.Build.0 = Release|Any CPU
		{2CEE49AB-25E1-477E-995C-BB079BBB3F48}.Debug|Any CPU.ActiveCfg = Debug|Any CPU
		{2CEE49AB-25E1-477E-995C-BB079BBB3F48}.Debug|Any CPU.Build.0 = Debug|Any CPU
		{2CEE49AB-25E1-477E-995C-BB079BBB3F48}.Release|Any CPU.ActiveCfg = Release|Any CPU
		{2CEE49AB-25E1-477E-995C-BB079BBB3F48}.Release|Any CPU.Build.0 = Release|Any CPU
		{43192AF3-41E7-4045-A343-79A876F3852B}.Debug|Any CPU.ActiveCfg = Debug|Any CPU
		{43192AF3-41E7-4045-A343-79A876F3852B}.Debug|Any CPU.Build.0 = Debug|Any CPU
		{43192AF3-41E7-4045-A343-79A876F3852B}.Release|Any CPU.ActiveCfg = Release|Any CPU
		{43192AF3-41E7-4045-A343-79A876F3852B}.Release|Any CPU.Build.0 = Release|Any CPU
		{2F40008B-B3C8-4BF8-AB7E-3A9DCE9A358D}.Debug|Any CPU.ActiveCfg = Debug|Any CPU
		{2F40008B-B3C8-4BF8-AB7E-3A9DCE9A358D}.Debug|Any CPU.Build.0 = Debug|Any CPU
		{2F40008B-B3C8-4BF8-AB7E-3A9DCE9A358D}.Release|Any CPU.ActiveCfg = Release|Any CPU
		{2F40008B-B3C8-4BF8-AB7E-3A9DCE9A358D}.Release|Any CPU.Build.0 = Release|Any CPU
	EndGlobalSection
	GlobalSection(SolutionProperties) = preSolution
		HideSolutionNode = FALSE
	EndGlobalSection
	GlobalSection(NestedProjects) = preSolution
		{03E869B7-1402-44E0-86F9-E48AA220CE56} = {42EEEF26-A4A0-421B-919A-69A2C2FA963D}
		{0030CD65-C267-4ACF-B3A2-63DAC7E6966A} = {91D2B931-A3F4-4FDB-8158-410213BB0403}
		{ED125CD4-7A20-4A90-AF33-8ABB074E232E} = {EB99386B-A86B-4F1B-ABDE-5E6300E852C5}
		{932142C2-A139-4D5A-8D2B-F11915CCD55B} = {EB99386B-A86B-4F1B-ABDE-5E6300E852C5}
		{2CEE49AB-25E1-477E-995C-BB079BBB3F48} = {ED125CD4-7A20-4A90-AF33-8ABB074E232E}
		{43192AF3-41E7-4045-A343-79A876F3852B} = {932142C2-A139-4D5A-8D2B-F11915CCD55B}
		{2F40008B-B3C8-4BF8-AB7E-3A9DCE9A358D} = {1905C2BA-B469-41C5-B4C8-EBAA0C004521}
	EndGlobalSection
EndGlobal
